
Microsoft Visual Studio Solution File, Format Version 12.00
# Visual Studio Version 16
VisualStudioVersion = 16.0.30621.155
MinimumVisualStudioVersion = 10.0.40219.1
Project("{9A19103F-16F7-4668-BE54-9A1E7A4F7556}") = "Cashless.Web", "Cashless\Cashless.Web.csproj", "{FCF4D45A-3589-4B2A-A61F-1A77DCDF1368}"
EndProject
Project("{FAE04EC0-301F-11D3-BF4B-00C04F79EFBC}") = "Cashless.Domain", "Cashless.Domain\Cashless.Domain.csproj", "{65F4E3FC-7450-4F14-A5B0-D7FBD0E420AB}"
EndProject
Project("{FAE04EC0-301F-11D3-BF4B-00C04F79EFBC}") = "Cashless.Storage", "Cashless.Storage\Cashless.Storage.csproj", "{3751964C-477C-4096-8007-FFEEF200B95F}"
EndProject
Project("{FAE04EC0-301F-11D3-BF4B-00C04F79EFBC}") = "Cashless.Business", "Cashless.Business\Cashless.Business.csproj", "{295D507B-0024-45AA-96EE-49EBF1E87D6C}"
EndProject
Project("{FAE04EC0-301F-11D3-BF4B-00C04F79EFBC}") = "Cashless.Test", "Cashless.Test\Cashless.Test.csproj", "{FA922BB6-6BE1-4C07-B421-0D6A4079EC6C}"
EndProject
Global
	GlobalSection(SolutionConfigurationPlatforms) = preSolution
		Debug|Any CPU = Debug|Any CPU
		Release|Any CPU = Release|Any CPU
	EndGlobalSection
	GlobalSection(ProjectConfigurationPlatforms) = postSolution
		{FCF4D45A-3589-4B2A-A61F-1A77DCDF1368}.Debug|Any CPU.ActiveCfg = Debug|Any CPU
		{FCF4D45A-3589-4B2A-A61F-1A77DCDF1368}.Debug|Any CPU.Build.0 = Debug|Any CPU
		{FCF4D45A-3589-4B2A-A61F-1A77DCDF1368}.Release|Any CPU.ActiveCfg = Release|Any CPU
		{FCF4D45A-3589-4B2A-A61F-1A77DCDF1368}.Release|Any CPU.Build.0 = Release|Any CPU
		{65F4E3FC-7450-4F14-A5B0-D7FBD0E420AB}.Debug|Any CPU.ActiveCfg = Debug|Any CPU
		{65F4E3FC-7450-4F14-A5B0-D7FBD0E420AB}.Debug|Any CPU.Build.0 = Debug|Any CPU
		{65F4E3FC-7450-4F14-A5B0-D7FBD0E420AB}.Release|Any CPU.ActiveCfg = Release|Any CPU
		{65F4E3FC-7450-4F14-A5B0-D7FBD0E420AB}.Release|Any CPU.Build.0 = Release|Any CPU
		{3751964C-477C-4096-8007-FFEEF200B95F}.Debug|Any CPU.ActiveCfg = Debug|Any CPU
		{3751964C-477C-4096-8007-FFEEF200B95F}.Debug|Any CPU.Build.0 = Debug|Any CPU
		{3751964C-477C-4096-8007-FFEEF200B95F}.Release|Any CPU.ActiveCfg = Release|Any CPU
		{3751964C-477C-4096-8007-FFEEF200B95F}.Release|Any CPU.Build.0 = Release|Any CPU
		{295D507B-0024-45AA-96EE-49EBF1E87D6C}.Debug|Any CPU.ActiveCfg = Debug|Any CPU
		{295D507B-0024-45AA-96EE-49EBF1E87D6C}.Debug|Any CPU.Build.0 = Debug|Any CPU
		{295D507B-0024-45AA-96EE-49EBF1E87D6C}.Release|Any CPU.ActiveCfg = Release|Any CPU
		{295D507B-0024-45AA-96EE-49EBF1E87D6C}.Release|Any CPU.Build.0 = Release|Any CPU
		{FA922BB6-6BE1-4C07-B421-0D6A4079EC6C}.Debug|Any CPU.ActiveCfg = Debug|Any CPU
		{FA922BB6-6BE1-4C07-B421-0D6A4079EC6C}.Debug|Any CPU.Build.0 = Debug|Any CPU
		{FA922BB6-6BE1-4C07-B421-0D6A4079EC6C}.Release|Any CPU.ActiveCfg = Release|Any CPU
		{FA922BB6-6BE1-4C07-B421-0D6A4079EC6C}.Release|Any CPU.Build.0 = Release|Any CPU
	EndGlobalSection
	GlobalSection(SolutionProperties) = preSolution
		HideSolutionNode = FALSE
	EndGlobalSection
	GlobalSection(ExtensibilityGlobals) = postSolution
		SolutionGuid = {A33912BC-E79C-46CD-B33C-762C5456953F}
	EndGlobalSection
EndGlobal
